
Microsoft Visual Studio Solution File, Format Version 12.00
# Visual Studio Version 16
VisualStudioVersion = 16.0.31624.102
MinimumVisualStudioVersion = 10.0.40219.1
Project("{FAE04EC0-301F-11D3-BF4B-00C04F79EFBC}") = "PTDuc.KickOff", "PTDuc.KickOff\PTDuc.KickOff.csproj", "{D11E82C9-2F1B-4920-BD24-41401F850298}"
EndProject
Global
	GlobalSection(SolutionConfigurationPlatforms) = preSolution
		Debug|Any CPU = Debug|Any CPU
		Release|Any CPU = Release|Any CPU
	EndGlobalSection
	GlobalSection(ProjectConfigurationPlatforms) = postSolution
		{D11E82C9-2F1B-4920-BD24-41401F850298}.Debug|Any CPU.ActiveCfg = Debug|Any CPU
		{D11E82C9-2F1B-4920-BD24-41401F850298}.Debug|Any CPU.Build.0 = Debug|Any CPU
		{D11E82C9-2F1B-4920-BD24-41401F850298}.Release|Any CPU.ActiveCfg = Release|Any CPU
		{D11E82C9-2F1B-4920-BD24-41401F850298}.Release|Any CPU.Build.0 = Release|Any CPU
	EndGlobalSection
	GlobalSection(SolutionProperties) = preSolution
		HideSolutionNode = FALSE
	EndGlobalSection
	GlobalSection(ExtensibilityGlobals) = postSolution
		SolutionGuid = {F02D25BD-613F-43BF-A470-FD0E1D4D22D4}
	EndGlobalSection
EndGlobal
